// !$*UTF8*$!
{
	archiveVersion = 1;
	classes = {
	};
	objectVersion = 77;
	objects = {

/* Begin PBXBuildFile section */
		A30000000000000000000011 /* Core in Frameworks */ = {isa = PBXBuildFile; productRef = A30000000000000000000021 /* Core */; };
		A30000000000000000000012 /* Common in Frameworks */ = {isa = PBXBuildFile; productRef = A30000000000000000000022 /* Common */; };
		A30000000000000000000013 /* Home in Frameworks */ = {isa = PBXBuildFile; productRef = A30000000000000000000023 /* Home */; };
		A30000000000000000000014 /* Detail in Frameworks */ = {isa = PBXBuildFile; productRef = A30000000000000000000024 /* Detail */; };
		A30000000000000000000015 /* Favorite in Frameworks */ = {isa = PBXBuildFile; productRef = A30000000000000000000025 /* Favorite */; };
		A30000000000000000000016 /* About in Frameworks */ = {isa = PBXBuildFile; productRef = A30000000000000000000026 /* About */; };
		A30000000000000000000017 /* Core in Frameworks */ = {isa = PBXBuildFile; productRef = A30000000000000000000027 /* Core */; };
		A30000000000000000000018 /* Home in Frameworks */ = {isa = PBXBuildFile; productRef = A30000000000000000000028 /* Home */; };
		A30000000000000000000019 /* Detail in Frameworks */ = {isa = PBXBuildFile; productRef = A30000000000000000000029 /* Detail */; };
		A3000000000000000000001A /* Favorite in Frameworks */ = {isa = PBXBuildFile; productRef = A3000000000000000000002A /* Favorite */; };
/* End PBXBuildFile section */

/* Begin PBXContainerItemProxy section */
		A20000000000000000000007 /* PBXContainerItemProxy */ = {
			isa = PBXContainerItemProxy;
			containerPortal = DF8DA92A30358D1D00AF4755 /* Project object */;
			proxyType = 1;
			remoteGlobalIDString = DF8DA93130358D1D00AF4755;
			remoteInfo = CatalogApp;
		};
/* End PBXContainerItemProxy section */

/* Begin PBXFileReference section */
		A20000000000000000000001 /* CatalogAppTests.xctest */ = {isa = PBXFileReference; explicitFileType = wrapper.cfbundle; includeInIndex = 0; path = CatalogAppTests.xctest; sourceTree = BUILT_PRODUCTS_DIR; };
		DF8DA93230358D1D00AF4755 /* CatalogApp.app */ = {isa = PBXFileReference; explicitFileType = wrapper.application; includeInIndex = 0; path = CatalogApp.app; sourceTree = BUILT_PRODUCTS_DIR; };
/* End PBXFileReference section */

/* Begin PBXFileSystemSynchronizedRootGroup section */
		A20000000000000000000002 /* CatalogAppTests */ = {
			isa = PBXFileSystemSynchronizedRootGroup;
			path = CatalogAppTests;
			sourceTree = "<group>";
		};
		DF8DA93430358D1D00AF4755 /* CatalogApp */ = {
			isa = PBXFileSystemSynchronizedRootGroup;
			path = CatalogApp;
			sourceTree = "<group>";
		};
/* End PBXFileSystemSynchronizedRootGroup section */

/* Begin PBXFrameworksBuildPhase section */
		A20000000000000000000003 /* Frameworks */ = {
			isa = PBXFrameworksBuildPhase;
			buildActionMask = 2147483647;
			files = (
				A30000000000000000000017 /* Core in Frameworks */,
				A30000000000000000000018 /* Home in Frameworks */,
				A30000000000000000000019 /* Detail in Frameworks */,
				A3000000000000000000001A /* Favorite in Frameworks */,
			);
			runOnlyForDeploymentPostprocessing = 0;
		};
		DF8DA92F30358D1D00AF4755 /* Frameworks */ = {
			isa = PBXFrameworksBuildPhase;
			buildActionMask = 2147483647;
			files = (
				A30000000000000000000011 /* Core in Frameworks */,
				A30000000000000000000012 /* Common in Frameworks */,
				A30000000000000000000013 /* Home in Frameworks */,
				A30000000000000000000014 /* Detail in Frameworks */,
				A30000000000000000000015 /* Favorite in Frameworks */,
				A30000000000000000000016 /* About in Frameworks */,
			);
			runOnlyForDeploymentPostprocessing = 0;
		};
/* End PBXFrameworksBuildPhase section */

/* Begin PBXGroup section */
		DF8DA92930358D1D00AF4755 = {
			isa = PBXGroup;
			children = (
				DF8DA93430358D1D00AF4755 /* CatalogApp */,
				A20000000000000000000002 /* CatalogAppTests */,
				DF8DA93330358D1D00AF4755 /* Products */,
			);
			sourceTree = "<group>";
		};
		DF8DA93330358D1D00AF4755 /* Products */ = {
			isa = PBXGroup;
			children = (
				DF8DA93230358D1D00AF4755 /* CatalogApp.app */,
				A20000000000000000000001 /* CatalogAppTests.xctest */,
			);
			name = Products;
			sourceTree = "<group>";
		};
/* End PBXGroup section */

/* Begin PBXNativeTarget section */
		A20000000000000000000006 /* CatalogAppTests */ = {
			isa = PBXNativeTarget;
			buildConfigurationList = A20000000000000000000011 /* Build configuration list for PBXNativeTarget "CatalogAppTests" */;
			buildPhases = (
				A20000000000000000000004 /* Sources */,
				A20000000000000000000003 /* Frameworks */,
				A20000000000000000000005 /* Resources */,
			);
			buildRules = (
			);
			dependencies = (
				A20000000000000000000008 /* PBXTargetDependency */,
			);
			fileSystemSynchronizedGroups = (
				A20000000000000000000002 /* CatalogAppTests */,
			);
			name = CatalogAppTests;
			packageProductDependencies = (
				A30000000000000000000027 /* Core */,
				A30000000000000000000028 /* Home */,
				A30000000000000000000029 /* Detail */,
				A3000000000000000000002A /* Favorite */,
			);
			productName = CatalogAppTests;
			productReference = A20000000000000000000001 /* CatalogAppTests.xctest */;
			productType = "com.apple.product-type.bundle.unit-test";
		};
		DF8DA93130358D1D00AF4755 /* CatalogApp */ = {
			isa = PBXNativeTarget;
			buildConfigurationList = DF8DA93D30358D1F00AF4755 /* Build configuration list for PBXNativeTarget "CatalogApp" */;
			buildPhases = (
				DF8DA92E30358D1D00AF4755 /* Sources */,
				DF8DA92F30358D1D00AF4755 /* Frameworks */,
				DF8DA93030358D1D00AF4755 /* Resources */,
			);
			buildRules = (
			);
			dependencies = (
				A10000000000000000000007 /* PBXTargetDependency */,
			);
			fileSystemSynchronizedGroups = (
				DF8DA93430358D1D00AF4755 /* CatalogApp */,
			);
			name = CatalogApp;
			packageProductDependencies = (
				A30000000000000000000021 /* Core */,
				A30000000000000000000022 /* Common */,
				A30000000000000000000023 /* Home */,
				A30000000000000000000024 /* Detail */,
				A30000000000000000000025 /* Favorite */,
				A30000000000000000000026 /* About */,
			);
			productName = CatalogApp;
			productReference = DF8DA93230358D1D00AF4755 /* CatalogApp.app */;
			productType = "com.apple.product-type.application";
		};
/* End PBXNativeTarget section */

/* Begin PBXProject section */
		DF8DA92A30358D1D00AF4755 /* Project object */ = {
			isa = PBXProject;
			attributes = {
				BuildIndependentTargetsInParallel = 1;
				LastSwiftUpdateCheck = 2660;
				LastUpgradeCheck = 2660;
				TargetAttributes = {
					A20000000000000000000006 = {
						CreatedOnToolsVersion = 26.6;
						TestTargetID = DF8DA93130358D1D00AF4755;
					};
					DF8DA93130358D1D00AF4755 = {
						CreatedOnToolsVersion = 26.6;
					};
				};
			};
			buildConfigurationList = DF8DA92D30358D1D00AF4755 /* Build configuration list for PBXProject "CatalogApp" */;
			developmentRegion = en;
			hasScannedForEncodings = 0;
			knownRegions = (
				en,
				Base,
			);
			mainGroup = DF8DA92930358D1D00AF4755;
			minimizedProjectReferenceProxies = 1;
			packageReferences = (
				A30000000000000000000001 /* XCRemoteSwiftPackageReference "CatalogApp-Core" */,
				A30000000000000000000002 /* XCLocalSwiftPackageReference "Modules/Common" */,
				A30000000000000000000003 /* XCLocalSwiftPackageReference "Modules/Home" */,
				A30000000000000000000004 /* XCLocalSwiftPackageReference "Modules/Detail" */,
				A30000000000000000000005 /* XCLocalSwiftPackageReference "Modules/Favorite" */,
				A30000000000000000000006 /* XCLocalSwiftPackageReference "Modules/About" */,
				A10000000000000000000003 /* XCRemoteSwiftPackageReference "SwiftLintPlugins" */,
			);
			preferredProjectObjectVersion = 77;
			productRefGroup = DF8DA93330358D1D00AF4755 /* Products */;
			projectDirPath = "";
			projectRoot = "";
			targets = (
				DF8DA93130358D1D00AF4755 /* CatalogApp */,
				A20000000000000000000006 /* CatalogAppTests */,
			);
		};
/* End PBXProject section */

/* Begin PBXResourcesBuildPhase section */
		A20000000000000000000005 /* Resources */ = {
			isa = PBXResourcesBuildPhase;
			buildActionMask = 2147483647;
			files = (
			);
			runOnlyForDeploymentPostprocessing = 0;
		};
		DF8DA93030358D1D00AF4755 /* Resources */ = {
			isa = PBXResourcesBuildPhase;
			buildActionMask = 2147483647;
			files = (
			);
			runOnlyForDeploymentPostprocessing = 0;
		};
/* End PBXResourcesBuildPhase section */

/* Begin PBXSourcesBuildPhase section */
		A20000000000000000000004 /* Sources */ = {
			isa = PBXSourcesBuildPhase;
			buildActionMask = 2147483647;
			files = (
			);
			runOnlyForDeploymentPostprocessing = 0;
		};
		DF8DA92E30358D1D00AF4755 /* Sources */ = {
			isa = PBXSourcesBuildPhase;
			buildActionMask = 2147483647;
			files = (
			);
			runOnlyForDeploymentPostprocessing = 0;
		};
/* End PBXSourcesBuildPhase section */

/* Begin PBXTargetDependency section */
		A10000000000000000000007 /* PBXTargetDependency */ = {
			isa = PBXTargetDependency;
			productRef = A10000000000000000000006 /* SwiftLintBuildToolPlugin */;
		};
		A20000000000000000000008 /* PBXTargetDependency */ = {
			isa = PBXTargetDependency;
			target = DF8DA93130358D1D00AF4755 /* CatalogApp */;
			targetProxy = A20000000000000000000007 /* PBXContainerItemProxy */;
		};
/* End PBXTargetDependency section */

/* Begin XCBuildConfiguration section */
		A20000000000000000000009 /* Debug */ = {
			isa = XCBuildConfiguration;
			buildSettings = {
				BUNDLE_LOADER = "$(TEST_HOST)";
				CODE_SIGN_STYLE = Automatic;
				CURRENT_PROJECT_VERSION = 1;
				DEVELOPMENT_TEAM = TDW74H22G3;
				GENERATE_INFOPLIST_FILE = YES;
				IPHONEOS_DEPLOYMENT_TARGET = 17.0;
				MARKETING_VERSION = 1.0;
				PRODUCT_BUNDLE_IDENTIFIER = grasepta.CatalogAppTests;
				PRODUCT_NAME = "$(TARGET_NAME)";
				SDKROOT = iphoneos;
				SUPPORTED_PLATFORMS = "iphoneos iphonesimulator";
				SUPPORTS_MACCATALYST = NO;
				SWIFT_APPROACHABLE_CONCURRENCY = YES;
				SWIFT_EMIT_LOC_STRINGS = NO;
				SWIFT_VERSION = 5.0;
				TARGETED_DEVICE_FAMILY = "1,2";
				TEST_HOST = "$(BUILT_PRODUCTS_DIR)/CatalogApp.app/$(BUNDLE_EXECUTABLE_FOLDER_PATH)/CatalogApp";
			};
			name = Debug;
		};
		A20000000000000000000010 /* Release */ = {
			isa = XCBuildConfiguration;
			buildSettings = {
				BUNDLE_LOADER = "$(TEST_HOST)";
				CODE_SIGN_STYLE = Automatic;
				CURRENT_PROJECT_VERSION = 1;
				DEVELOPMENT_TEAM = TDW74H22G3;
				GENERATE_INFOPLIST_FILE = YES;
				IPHONEOS_DEPLOYMENT_TARGET = 17.0;
				MARKETING_VERSION = 1.0;
				PRODUCT_BUNDLE_IDENTIFIER = grasepta.CatalogAppTests;
				PRODUCT_NAME = "$(TARGET_NAME)";
				SDKROOT = iphoneos;
				SUPPORTED_PLATFORMS = "iphoneos iphonesimulator";
				SUPPORTS_MACCATALYST = NO;
				SWIFT_APPROACHABLE_CONCURRENCY = YES;
				SWIFT_EMIT_LOC_STRINGS = NO;
				SWIFT_VERSION = 5.0;
				TARGETED_DEVICE_FAMILY = "1,2";
				TEST_HOST = "$(BUILT_PRODUCTS_DIR)/CatalogApp.app/$(BUNDLE_EXECUTABLE_FOLDER_PATH)/CatalogApp";
			};
			name = Release;
		};
		DF8DA93B30358D1F00AF4755 /* Debug */ = {
			isa = XCBuildConfiguration;
			buildSettings = {
				ALWAYS_SEARCH_USER_PATHS = NO;
				ASSETCATALOG_COMPILER_GENERATE_SWIFT_ASSET_SYMBOL_EXTENSIONS = YES;
				CLANG_ANALYZER_NONNULL = YES;
				CLANG_ANALYZER_NUMBER_OBJECT_CONVERSION = YES_AGGRESSIVE;
				CLANG_CXX_LANGUAGE_STANDARD = "gnu++20";
				CLANG_ENABLE_MODULES = YES;
				CLANG_ENABLE_OBJC_ARC = YES;
				CLANG_ENABLE_OBJC_WEAK = YES;
				CLANG_WARN_BLOCK_CAPTURE_AUTORELEASING = YES;
				CLANG_WARN_BOOL_CONVERSION = YES;
				CLANG_WARN_COMMA = YES;
				CLANG_WARN_CONSTANT_CONVERSION = YES;
				CLANG_WARN_DEPRECATED_OBJC_IMPLEMENTATIONS = YES;
				CLANG_WARN_DIRECT_OBJC_ISA_USAGE = YES_ERROR;
				CLANG_WARN_DOCUMENTATION_COMMENTS = YES;
				CLANG_WARN_EMPTY_BODY = YES;
				CLANG_WARN_ENUM_CONVERSION = YES;
				CLANG_WARN_INFINITE_RECURSION = YES;
				CLANG_WARN_INT_CONVERSION = YES;
				CLANG_WARN_NON_LITERAL_NULL_CONVERSION = YES;
				CLANG_WARN_OBJC_IMPLICIT_RETAIN_SELF = YES;
				CLANG_WARN_OBJC_LITERAL_CONVERSION = YES;
				CLANG_WARN_OBJC_ROOT_CLASS = YES_ERROR;
				CLANG_WARN_QUOTED_INCLUDE_IN_FRAMEWORK_HEADER = YES;
				CLANG_WARN_RANGE_LOOP_ANALYSIS = YES;
				CLANG_WARN_STRICT_PROTOTYPES = YES;
				CLANG_WARN_SUSPICIOUS_MOVE = YES;
				CLANG_WARN_UNGUARDED_AVAILABILITY = YES_AGGRESSIVE;
				CLANG_WARN_UNREACHABLE_CODE = YES;
				CLANG_WARN__DUPLICATE_METHOD_MATCH = YES;
				COPY_PHASE_STRIP = NO;
				DEBUG_INFORMATION_FORMAT = dwarf;
				DEVELOPMENT_TEAM = TDW74H22G3;
				ENABLE_STRICT_OBJC_MSGSEND = YES;
				ENABLE_TESTABILITY = YES;
				ENABLE_USER_SCRIPT_SANDBOXING = YES;
				GCC_C_LANGUAGE_STANDARD = gnu17;
				GCC_DYNAMIC_NO_PIC = NO;
				GCC_NO_COMMON_BLOCKS = YES;
				GCC_OPTIMIZATION_LEVEL = 0;
				GCC_PREPROCESSOR_DEFINITIONS = (
					"DEBUG=1",
					"$(inherited)",
				);
				GCC_WARN_64_TO_32_BIT_CONVERSION = YES;
				GCC_WARN_ABOUT_RETURN_TYPE = YES_ERROR;
				GCC_WARN_UNDECLARED_SELECTOR = YES;
				GCC_WARN_UNINITIALIZED_AUTOS = YES_AGGRESSIVE;
				GCC_WARN_UNUSED_FUNCTION = YES;
				GCC_WARN_UNUSED_VARIABLE = YES;
				IPHONEOS_DEPLOYMENT_TARGET = 17.0;
				LOCALIZATION_PREFERS_STRING_CATALOGS = YES;
				MTL_ENABLE_DEBUG_INFO = INCLUDE_SOURCE;
				MTL_FAST_MATH = YES;
				ONLY_ACTIVE_ARCH = YES;
				SDKROOT = iphoneos;
				SWIFT_ACTIVE_COMPILATION_CONDITIONS = "DEBUG $(inherited)";
				SWIFT_OPTIMIZATION_LEVEL = "-Onone";
			};
			name = Debug;
		};
		DF8DA93C30358D1F00AF4755 /* Release */ = {
			isa = XCBuildConfiguration;
			buildSettings = {
				ALWAYS_SEARCH_USER_PATHS = NO;
				ASSETCATALOG_COMPILER_GENERATE_SWIFT_ASSET_SYMBOL_EXTENSIONS = YES;
				CLANG_ANALYZER_NONNULL = YES;
				CLANG_ANALYZER_NUMBER_OBJECT_CONVERSION = YES_AGGRESSIVE;
				CLANG_CXX_LANGUAGE_STANDARD = "gnu++20";
				CLANG_ENABLE_MODULES = YES;
				CLANG_ENABLE_OBJC_ARC = YES;
				CLANG_ENABLE_OBJC_WEAK = YES;
				CLANG_WARN_BLOCK_CAPTURE_AUTORELEASING = YES;
				CLANG_WARN_BOOL_CONVERSION = YES;
				CLANG_WARN_COMMA = YES;
				CLANG_WARN_CONSTANT_CONVERSION = YES;
				CLANG_WARN_DEPRECATED_OBJC_IMPLEMENTATIONS = YES;
				CLANG_WARN_DIRECT_OBJC_ISA_USAGE = YES_ERROR;
				CLANG_WARN_DOCUMENTATION_COMMENTS = YES;
				CLANG_WARN_EMPTY_BODY = YES;
				CLANG_WARN_ENUM_CONVERSION = YES;
				CLANG_WARN_INFINITE_RECURSION = YES;
				CLANG_WARN_INT_CONVERSION = YES;
				CLANG_WARN_NON_LITERAL_NULL_CONVERSION = YES;
				CLANG_WARN_OBJC_IMPLICIT_RETAIN_SELF = YES;
				CLANG_WARN_OBJC_LITERAL_CONVERSION = YES;
				CLANG_WARN_OBJC_ROOT_CLASS = YES_ERROR;
				CLANG_WARN_QUOTED_INCLUDE_IN_FRAMEWORK_HEADER = YES;
				CLANG_WARN_RANGE_LOOP_ANALYSIS = YES;
				CLANG_WARN_STRICT_PROTOTYPES = YES;
				CLANG_WARN_SUSPICIOUS_MOVE = YES;
				CLANG_WARN_UNGUARDED_AVAILABILITY = YES_AGGRESSIVE;
				CLANG_WARN_UNREACHABLE_CODE = YES;
				CLANG_WARN__DUPLICATE_METHOD_MATCH = YES;
				COPY_PHASE_STRIP = NO;
				DEBUG_INFORMATION_FORMAT = "dwarf-with-dsym";
				DEVELOPMENT_TEAM = TDW74H22G3;
				ENABLE_NS_ASSERTIONS = NO;
				ENABLE_STRICT_OBJC_MSGSEND = YES;
				ENABLE_USER_SCRIPT_SANDBOXING = YES;
				GCC_C_LANGUAGE_STANDARD = gnu17;
				GCC_NO_COMMON_BLOCKS = YES;
				GCC_WARN_64_TO_32_BIT_CONVERSION = YES;
				GCC_WARN_ABOUT_RETURN_TYPE = YES_ERROR;
				GCC_WARN_UNDECLARED_SELECTOR = YES;
				GCC_WARN_UNINITIALIZED_AUTOS = YES_AGGRESSIVE;
				GCC_WARN_UNUSED_FUNCTION = YES;
				GCC_WARN_UNUSED_VARIABLE = YES;
				IPHONEOS_DEPLOYMENT_TARGET = 17.0;
				LOCALIZATION_PREFERS_STRING_CATALOGS = YES;
				MTL_ENABLE_DEBUG_INFO = NO;
				MTL_FAST_MATH = YES;
				SDKROOT = iphoneos;
				SWIFT_COMPILATION_MODE = wholemodule;
			};
			name = Release;
		};
		DF8DA93E30358D1F00AF4755 /* Debug */ = {
			isa = XCBuildConfiguration;
			buildSettings = {
				ASSETCATALOG_COMPILER_APPICON_NAME = AppIcon;
				ASSETCATALOG_COMPILER_GLOBAL_ACCENT_COLOR_NAME = AccentColor;
				CODE_SIGN_ENTITLEMENTS = CatalogApp/CatalogApp.entitlements;
				CODE_SIGN_STYLE = Automatic;
				CURRENT_PROJECT_VERSION = 1;
				DEVELOPMENT_TEAM = TDW74H22G3;
				ENABLE_PREVIEWS = YES;
				ENABLE_TESTABILITY = YES;
				GENERATE_INFOPLIST_FILE = YES;
				INFOPLIST_KEY_NSPhotoLibraryUsageDescription = "CatalogApp membutuhkan akses foto untuk mengganti foto profil.";
				INFOPLIST_KEY_UIApplicationSceneManifest_Generation = YES;
				INFOPLIST_KEY_UIApplicationSupportsIndirectInputEvents = YES;
				INFOPLIST_KEY_UILaunchScreen_Generation = YES;
				INFOPLIST_KEY_UISupportedInterfaceOrientations_iPad = "UIInterfaceOrientationPortrait UIInterfaceOrientationPortraitUpsideDown UIInterfaceOrientationLandscapeLeft UIInterfaceOrientationLandscapeRight";
				INFOPLIST_KEY_UISupportedInterfaceOrientations_iPhone = "UIInterfaceOrientationPortrait UIInterfaceOrientationLandscapeLeft UIInterfaceOrientationLandscapeRight";
				IPHONEOS_DEPLOYMENT_TARGET = 17.0;
				LD_RUNPATH_SEARCH_PATHS = (
					"$(inherited)",
					"@executable_path/Frameworks",
				);
				MARKETING_VERSION = 1.0;
				PRODUCT_BUNDLE_IDENTIFIER = grasepta.CatalogApp;
				PRODUCT_NAME = "$(TARGET_NAME)";
				SDKROOT = iphoneos;
				SUPPORTED_PLATFORMS = "iphoneos iphonesimulator";
				SUPPORTS_MACCATALYST = NO;
				SWIFT_APPROACHABLE_CONCURRENCY = YES;
				SWIFT_EMIT_LOC_STRINGS = YES;
				SWIFT_VERSION = 5.0;
				TARGETED_DEVICE_FAMILY = "1,2";
			};
			name = Debug;
		};
		DF8DA93F30358D1F00AF4755 /* Release */ = {
			isa = XCBuildConfiguration;
			buildSettings = {
				ASSETCATALOG_COMPILER_APPICON_NAME = AppIcon;
				ASSETCATALOG_COMPILER_GLOBAL_ACCENT_COLOR_NAME = AccentColor;
				CODE_SIGN_ENTITLEMENTS = CatalogApp/CatalogApp.entitlements;
				CODE_SIGN_STYLE = Automatic;
				CURRENT_PROJECT_VERSION = 1;
				DEVELOPMENT_TEAM = TDW74H22G3;
				ENABLE_PREVIEWS = YES;
				ENABLE_TESTABILITY = YES;
				GENERATE_INFOPLIST_FILE = YES;
				INFOPLIST_KEY_NSPhotoLibraryUsageDescription = "CatalogApp membutuhkan akses foto untuk mengganti foto profil.";
				INFOPLIST_KEY_UIApplicationSceneManifest_Generation = YES;
				INFOPLIST_KEY_UIApplicationSupportsIndirectInputEvents = YES;
				INFOPLIST_KEY_UILaunchScreen_Generation = YES;
				INFOPLIST_KEY_UISupportedInterfaceOrientations_iPad = "UIInterfaceOrientationPortrait UIInterfaceOrientationPortraitUpsideDown UIInterfaceOrientationLandscapeLeft UIInterfaceOrientationLandscapeRight";
				INFOPLIST_KEY_UISupportedInterfaceOrientations_iPhone = "UIInterfaceOrientationPortrait UIInterfaceOrientationLandscapeLeft UIInterfaceOrientationLandscapeRight";
				IPHONEOS_DEPLOYMENT_TARGET = 17.0;
				LD_RUNPATH_SEARCH_PATHS = (
					"$(inherited)",
					"@executable_path/Frameworks",
				);
				MARKETING_VERSION = 1.0;
				PRODUCT_BUNDLE_IDENTIFIER = grasepta.CatalogApp;
				PRODUCT_NAME = "$(TARGET_NAME)";
				SDKROOT = iphoneos;
				SUPPORTED_PLATFORMS = "iphoneos iphonesimulator";
				SUPPORTS_MACCATALYST = NO;
				SWIFT_APPROACHABLE_CONCURRENCY = YES;
				SWIFT_EMIT_LOC_STRINGS = YES;
				SWIFT_VERSION = 5.0;
				TARGETED_DEVICE_FAMILY = "1,2";
			};
			name = Release;
		};
/* End XCBuildConfiguration section */

/* Begin XCConfigurationList section */
		A20000000000000000000011 /* Build configuration list for PBXNativeTarget "CatalogAppTests" */ = {
			isa = XCConfigurationList;
			buildConfigurations = (
				A20000000000000000000009 /* Debug */,
				A20000000000000000000010 /* Release */,
			);
			defaultConfigurationIsVisible = 0;
			defaultConfigurationName = Release;
		};
		DF8DA92D30358D1D00AF4755 /* Build configuration list for PBXProject "CatalogApp" */ = {
			isa = XCConfigurationList;
			buildConfigurations = (
				DF8DA93B30358D1F00AF4755 /* Debug */,
				DF8DA93C30358D1F00AF4755 /* Release */,
			);
			defaultConfigurationIsVisible = 0;
			defaultConfigurationName = Release;
		};
		DF8DA93D30358D1F00AF4755 /* Build configuration list for PBXNativeTarget "CatalogApp" */ = {
			isa = XCConfigurationList;
			buildConfigurations = (
				DF8DA93E30358D1F00AF4755 /* Debug */,
				DF8DA93F30358D1F00AF4755 /* Release */,
			);
			defaultConfigurationIsVisible = 0;
			defaultConfigurationName = Release;
		};
/* End XCConfigurationList section */

/* Begin XCLocalSwiftPackageReference section */
		A30000000000000000000002 /* XCLocalSwiftPackageReference "Modules/Common" */ = {
			isa = XCLocalSwiftPackageReference;
			relativePath = Modules/Common;
		};
		A30000000000000000000003 /* XCLocalSwiftPackageReference "Modules/Home" */ = {
			isa = XCLocalSwiftPackageReference;
			relativePath = Modules/Home;
		};
		A30000000000000000000004 /* XCLocalSwiftPackageReference "Modules/Detail" */ = {
			isa = XCLocalSwiftPackageReference;
			relativePath = Modules/Detail;
		};
		A30000000000000000000005 /* XCLocalSwiftPackageReference "Modules/Favorite" */ = {
			isa = XCLocalSwiftPackageReference;
			relativePath = Modules/Favorite;
		};
		A30000000000000000000006 /* XCLocalSwiftPackageReference "Modules/About" */ = {
			isa = XCLocalSwiftPackageReference;
			relativePath = Modules/About;
		};
/* End XCLocalSwiftPackageReference section */

/* Begin XCRemoteSwiftPackageReference section */
		A10000000000000000000003 /* XCRemoteSwiftPackageReference "SwiftLintPlugins" */ = {
			isa = XCRemoteSwiftPackageReference;
			repositoryURL = "https://github.com/SimplyDanny/SwiftLintPlugins";
			requirement = {
				kind = upToNextMajorVersion;
				minimumVersion = 0.59.0;
			};
		};
		A30000000000000000000001 /* XCRemoteSwiftPackageReference "CatalogApp-Core" */ = {
			isa = XCRemoteSwiftPackageReference;
			repositoryURL = "https://github.com/grasepta/CatalogApp-Core";
			requirement = {
				kind = upToNextMajorVersion;
				minimumVersion = 1.0.0;
			};
		};
/* End XCRemoteSwiftPackageReference section */

/* Begin XCSwiftPackageProductDependency section */
		A10000000000000000000006 /* SwiftLintBuildToolPlugin */ = {
			isa = XCSwiftPackageProductDependency;
			package = A10000000000000000000003 /* XCRemoteSwiftPackageReference "SwiftLintPlugins" */;
			productName = SwiftLintBuildToolPlugin;
		};
		A30000000000000000000021 /* Core */ = {
			isa = XCSwiftPackageProductDependency;
			package = A30000000000000000000001 /* XCRemoteSwiftPackageReference "CatalogApp-Core" */;
			productName = Core;
		};
		A30000000000000000000022 /* Common */ = {
			isa = XCSwiftPackageProductDependency;
			package = A30000000000000000000002 /* XCLocalSwiftPackageReference "Modules/Common" */;
			productName = Common;
		};
		A30000000000000000000023 /* Home */ = {
			isa = XCSwiftPackageProductDependency;
			package = A30000000000000000000003 /* XCLocalSwiftPackageReference "Modules/Home" */;
			productName = Home;
		};
		A30000000000000000000024 /* Detail */ = {
			isa = XCSwiftPackageProductDependency;
			package = A30000000000000000000004 /* XCLocalSwiftPackageReference "Modules/Detail" */;
			productName = Detail;
		};
		A30000000000000000000025 /* Favorite */ = {
			isa = XCSwiftPackageProductDependency;
			package = A30000000000000000000005 /* XCLocalSwiftPackageReference "Modules/Favorite" */;
			productName = Favorite;
		};
		A30000000000000000000026 /* About */ = {
			isa = XCSwiftPackageProductDependency;
			package = A30000000000000000000006 /* XCLocalSwiftPackageReference "Modules/About" */;
			productName = About;
		};
		A30000000000000000000027 /* Core */ = {
			isa = XCSwiftPackageProductDependency;
			package = A30000000000000000000001 /* XCRemoteSwiftPackageReference "CatalogApp-Core" */;
			productName = Core;
		};
		A30000000000000000000028 /* Home */ = {
			isa = XCSwiftPackageProductDependency;
			package = A30000000000000000000003 /* XCLocalSwiftPackageReference "Modules/Home" */;
			productName = Home;
		};
		A30000000000000000000029 /* Detail */ = {
			isa = XCSwiftPackageProductDependency;
			package = A30000000000000000000004 /* XCLocalSwiftPackageReference "Modules/Detail" */;
			productName = Detail;
		};
		A3000000000000000000002A /* Favorite */ = {
			isa = XCSwiftPackageProductDependency;
			package = A30000000000000000000005 /* XCLocalSwiftPackageReference "Modules/Favorite" */;
			productName = Favorite;
		};
/* End XCSwiftPackageProductDependency section */
	};
	rootObject = DF8DA92A30358D1D00AF4755 /* Project object */;
}
